// !$*UTF8*$!
{
   archiveVersion = "1";
   objectVersion = "46";
   objects = {
      "Finite::Finite" = {
         isa = "PBXNativeTarget";
         buildConfigurationList = "OBJ_24";
         buildPhases = (
            "OBJ_27",
            "OBJ_31"
         );
         dependencies = (
         );
         name = "Finite";
         productName = "Finite";
         productReference = "Finite::Finite::Product";
         productType = "com.apple.product-type.framework";
      };
      "Finite::Finite::Product" = {
         isa = "PBXFileReference";
         path = "Finite.framework";
         sourceTree = "BUILT_PRODUCTS_DIR";
      };
      "Finite::FinitePackageTests::ProductTarget" = {
         isa = "PBXAggregateTarget";
         buildConfigurationList = "OBJ_39";
         buildPhases = (
         );
         dependencies = (
            "OBJ_42"
         );
         name = "FinitePackageTests";
         productName = "FinitePackageTests";
      };
      "Finite::FiniteTests" = {
         isa = "PBXNativeTarget";
         buildConfigurationList = "OBJ_44";
         buildPhases = (
            "OBJ_47",
            "OBJ_52"
         );
         dependencies = (
            "OBJ_54"
         );
         name = "FiniteTests";
         productName = "FiniteTests";
         productReference = "Finite::FiniteTests::Product";
         productType = "com.apple.product-type.bundle.unit-test";
      };
      "Finite::FiniteTests::Product" = {
         isa = "PBXFileReference";
         path = "FiniteTests.xctest";
         sourceTree = "BUILT_PRODUCTS_DIR";
      };
      "Finite::SwiftPMPackageDescription" = {
         isa = "PBXNativeTarget";
         buildConfigurationList = "OBJ_33";
         buildPhases = (
            "OBJ_36"
         );
         dependencies = (
         );
         name = "FinitePackageDescription";
         productName = "FinitePackageDescription";
         productType = "com.apple.product-type.framework";
      };
      "OBJ_1" = {
         isa = "PBXProject";
         attributes = {
            LastUpgradeCheck = "9999";
         };
         buildConfigurationList = "OBJ_2";
         compatibilityVersion = "Xcode 3.2";
         developmentRegion = "English";
         hasScannedForEncodings = "0";
         knownRegions = (
            "en"
         );
         mainGroup = "OBJ_5";
         productRefGroup = "OBJ_20";
         projectDirPath = ".";
         targets = (
            "Finite::Finite",
            "Finite::SwiftPMPackageDescription",
            "Finite::FinitePackageTests::ProductTarget",
            "Finite::FiniteTests"
         );
      };
      "OBJ_10" = {
         isa = "PBXFileReference";
         path = "Transition.swift";
         sourceTree = "<group>";
      };
      "OBJ_11" = {
         isa = "PBXGroup";
         children = (
            "OBJ_12"
         );
         name = "Tests";
         path = "";
         sourceTree = "SOURCE_ROOT";
      };
      "OBJ_12" = {
         isa = "PBXGroup";
         children = (
            "OBJ_13",
            "OBJ_14",
            "OBJ_15",
            "OBJ_16"
         );
         name = "FiniteTests";
         path = "Tests/FiniteTests";
         sourceTree = "SOURCE_ROOT";
      };
      "OBJ_13" = {
         isa = "PBXFileReference";
         path = "StateFlowTests.swift";
         sourceTree = "<group>";
      };
      "OBJ_14" = {
         isa = "PBXFileReference";
         path = "StateMachine.swift";
         sourceTree = "<group>";
      };
      "OBJ_15" = {
         isa = "PBXFileReference";
         path = "SwiftShim.swift";
         sourceTree = "<group>";
      };
      "OBJ_16" = {
         isa = "PBXFileReference";
         path = "TransitionTests.swift";
         sourceTree = "<group>";
      };
      "OBJ_17" = {
         isa = "PBXFileReference";
         path = "docs";
         sourceTree = "SOURCE_ROOT";
      };
      "OBJ_18" = {
         isa = "PBXFileReference";
         path = "Finite.xcworkspace";
         sourceTree = "SOURCE_ROOT";
      };
      "OBJ_19" = {
         isa = "PBXFileReference";
         path = "build";
         sourceTree = "SOURCE_ROOT";
      };
      "OBJ_2" = {
         isa = "XCConfigurationList";
         buildConfigurations = (
            "OBJ_3",
            "OBJ_4"
         );
         defaultConfigurationIsVisible = "0";
         defaultConfigurationName = "Release";
      };
      "OBJ_20" = {
         isa = "PBXGroup";
         children = (
            "Finite::FiniteTests::Product",
            "Finite::Finite::Product"
         );
         name = "Products";
         path = "";
         sourceTree = "BUILT_PRODUCTS_DIR";
      };
      "OBJ_24" = {
         isa = "XCConfigurationList";
         buildConfigurations = (
            "OBJ_25",
            "OBJ_26"
         );
         defaultConfigurationIsVisible = "0";
         defaultConfigurationName = "Release";
      };
      "OBJ_25" = {
         isa = "XCBuildConfiguration";
         buildSettings = {
            ENABLE_TESTABILITY = "YES";
            FRAMEWORK_SEARCH_PATHS = (
               "$(inherited)",
               "$(PLATFORM_DIR)/Developer/Library/Frameworks"
            );
            HEADER_SEARCH_PATHS = (
               "$(inherited)"
            );
            INFOPLIST_FILE = "Finite.xcodeproj/Finite_Info.plist";
            LD_RUNPATH_SEARCH_PATHS = (
               "$(inherited)",
               "$(TOOLCHAIN_DIR)/usr/lib/swift/macosx"
            );
            OTHER_CFLAGS = (
               "$(inherited)"
            );
            OTHER_LDFLAGS = (
               "$(inherited)"
            );
            OTHER_SWIFT_FLAGS = (
               "$(inherited)"
            );
            PRODUCT_BUNDLE_IDENTIFIER = "Finite";
            PRODUCT_MODULE_NAME = "$(TARGET_NAME:c99extidentifier)";
            PRODUCT_NAME = "$(TARGET_NAME:c99extidentifier)";
            SKIP_INSTALL = "YES";
            SWIFT_ACTIVE_COMPILATION_CONDITIONS = (
               "$(inherited)"
            );
            SWIFT_VERSION = "3.0";
            TARGET_NAME = "Finite";
         };
         name = "Debug";
      };
      "OBJ_26" = {
         isa = "XCBuildConfiguration";
         buildSettings = {
            ENABLE_TESTABILITY = "YES";
            FRAMEWORK_SEARCH_PATHS = (
               "$(inherited)",
               "$(PLATFORM_DIR)/Developer/Library/Frameworks"
            );
            HEADER_SEARCH_PATHS = (
               "$(inherited)"
            );
            INFOPLIST_FILE = "Finite.xcodeproj/Finite_Info.plist";
            LD_RUNPATH_SEARCH_PATHS = (
               "$(inherited)",
               "$(TOOLCHAIN_DIR)/usr/lib/swift/macosx"
            );
            OTHER_CFLAGS = (
               "$(inherited)"
            );
            OTHER_LDFLAGS = (
               "$(inherited)"
            );
            OTHER_SWIFT_FLAGS = (
               "$(inherited)"
            );
            PRODUCT_BUNDLE_IDENTIFIER = "Finite";
            PRODUCT_MODULE_NAME = "$(TARGET_NAME:c99extidentifier)";
            PRODUCT_NAME = "$(TARGET_NAME:c99extidentifier)";
            SKIP_INSTALL = "YES";
            SWIFT_ACTIVE_COMPILATION_CONDITIONS = (
               "$(inherited)"
            );
            SWIFT_VERSION = "3.0";
            TARGET_NAME = "Finite";
         };
         name = "Release";
      };
      "OBJ_27" = {
         isa = "PBXSourcesBuildPhase";
         files = (
            "OBJ_28",
            "OBJ_29",
            "OBJ_30"
         );
      };
      "OBJ_28" = {
         isa = "PBXBuildFile";
         fileRef = "OBJ_8";
      };
      "OBJ_29" = {
         isa = "PBXBuildFile";
         fileRef = "OBJ_9";
      };
      "OBJ_3" = {
         isa = "XCBuildConfiguration";
         buildSettings = {
            CLANG_ENABLE_OBJC_ARC = "YES";
            COMBINE_HIDPI_IMAGES = "YES";
            COPY_PHASE_STRIP = "NO";
            DEBUG_INFORMATION_FORMAT = "dwarf";
            DYLIB_INSTALL_NAME_BASE = "@rpath";
            ENABLE_NS_ASSERTIONS = "YES";
            GCC_OPTIMIZATION_LEVEL = "0";
            GCC_PREPROCESSOR_DEFINITIONS = (
               "DEBUG=1",
               "$(inherited)"
            );
            MACOSX_DEPLOYMENT_TARGET = "10.10";
            ONLY_ACTIVE_ARCH = "YES";
            OTHER_SWIFT_FLAGS = (
               "-DXcode"
            );
            PRODUCT_NAME = "$(TARGET_NAME)";
            SDKROOT = "macosx";
            SUPPORTED_PLATFORMS = (
               "macosx",
               "iphoneos",
               "iphonesimulator",
               "appletvos",
               "appletvsimulator",
               "watchos",
               "watchsimulator"
            );
            SWIFT_ACTIVE_COMPILATION_CONDITIONS = (
               "SWIFT_PACKAGE",
               "DEBUG"
            );
            SWIFT_OPTIMIZATION_LEVEL = "-Onone";
            USE_HEADERMAP = "NO";
         };
         name = "Debug";
      };
      "OBJ_30" = {
         isa = "PBXBuildFile";
         fileRef = "OBJ_10";
      };
      "OBJ_31" = {
         isa = "PBXFrameworksBuildPhase";
         files = (
         );
      };
      "OBJ_33" = {
         isa = "XCConfigurationList";
         buildConfigurations = (
            "OBJ_34",
            "OBJ_35"
         );
         defaultConfigurationIsVisible = "0";
         defaultConfigurationName = "Release";
      };
      "OBJ_34" = {
         isa = "XCBuildConfiguration";
         buildSettings = {
            LD = "/usr/bin/true";
            OTHER_SWIFT_FLAGS = (
               "-swift-version",
               "3",
               "-I",
               "$(TOOLCHAIN_DIR)/usr/lib/swift/pm/3",
               "-target",
               "x86_64-apple-macosx10.10",
               "-sdk",
               "/Applications/Xcode.app/Contents/Developer/Platforms/MacOSX.platform/Developer/SDKs/MacOSX10.14.sdk"
            );
            SWIFT_VERSION = "3.0";
         };
         name = "Debug";
      };
      "OBJ_35" = {
         isa = "XCBuildConfiguration";
         buildSettings = {
            LD = "/usr/bin/true";
            OTHER_SWIFT_FLAGS = (
               "-swift-version",
               "3",
               "-I",
               "$(TOOLCHAIN_DIR)/usr/lib/swift/pm/3",
               "-target",
               "x86_64-apple-macosx10.10",
               "-sdk",
               "/Applications/Xcode.app/Contents/Developer/Platforms/MacOSX.platform/Developer/SDKs/MacOSX10.14.sdk"
            );
            SWIFT_VERSION = "3.0";
         };
         name = "Release";
      };
      "OBJ_36" = {
         isa = "PBXSourcesBuildPhase";
         files = (
            "OBJ_37"
         );
      };
      "OBJ_37" = {
         isa = "PBXBuildFile";
         fileRef = "OBJ_6";
      };
      "OBJ_39" = {
         isa = "XCConfigurationList";
         buildConfigurations = (
            "OBJ_40",
            "OBJ_41"
         );
         defaultConfigurationIsVisible = "0";
         defaultConfigurationName = "Release";
      };
      "OBJ_4" = {
         isa = "XCBuildConfiguration";
         buildSettings = {
            CLANG_ENABLE_OBJC_ARC = "YES";
            COMBINE_HIDPI_IMAGES = "YES";
            COPY_PHASE_STRIP = "YES";
            DEBUG_INFORMATION_FORMAT = "dwarf-with-dsym";
            DYLIB_INSTALL_NAME_BASE = "@rpath";
            GCC_OPTIMIZATION_LEVEL = "s";
            MACOSX_DEPLOYMENT_TARGET = "10.10";
            OTHER_SWIFT_FLAGS = (
               "-DXcode"
            );
            PRODUCT_NAME = "$(TARGET_NAME)";
            SDKROOT = "macosx";
            SUPPORTED_PLATFORMS = (
               "macosx",
               "iphoneos",
               "iphonesimulator",
               "appletvos",
               "appletvsimulator",
               "watchos",
               "watchsimulator"
            );
            SWIFT_ACTIVE_COMPILATION_CONDITIONS = (
               "SWIFT_PACKAGE"
            );
            SWIFT_OPTIMIZATION_LEVEL = "-Owholemodule";
            USE_HEADERMAP = "NO";
         };
         name = "Release";
      };
      "OBJ_40" = {
         isa = "XCBuildConfiguration";
         buildSettings = {
         };
         name = "Debug";
      };
      "OBJ_41" = {
         isa = "XCBuildConfiguration";
         buildSettings = {
         };
         name = "Release";
      };
      "OBJ_42" = {
         isa = "PBXTargetDependency";
         target = "Finite::FiniteTests";
      };
      "OBJ_44" = {
         isa = "XCConfigurationList";
         buildConfigurations = (
            "OBJ_45",
            "OBJ_46"
         );
         defaultConfigurationIsVisible = "0";
         defaultConfigurationName = "Release";
      };
      "OBJ_45" = {
         isa = "XCBuildConfiguration";
         buildSettings = {
            CLANG_ENABLE_MODULES = "YES";
            EMBEDDED_CONTENT_CONTAINS_SWIFT = "YES";
            FRAMEWORK_SEARCH_PATHS = (
               "$(inherited)",
               "$(PLATFORM_DIR)/Developer/Library/Frameworks"
            );
            HEADER_SEARCH_PATHS = (
               "$(inherited)"
            );
            INFOPLIST_FILE = "Finite.xcodeproj/FiniteTests_Info.plist";
            LD_RUNPATH_SEARCH_PATHS = (
               "$(inherited)",
               "@loader_path/../Frameworks",
               "@loader_path/Frameworks"
            );
            OTHER_CFLAGS = (
               "$(inherited)"
            );
            OTHER_LDFLAGS = (
               "$(inherited)"
            );
            OTHER_SWIFT_FLAGS = (
               "$(inherited)"
            );
            SWIFT_ACTIVE_COMPILATION_CONDITIONS = (
               "$(inherited)"
            );
            SWIFT_VERSION = "3.0";
            TARGET_NAME = "FiniteTests";
         };
         name = "Debug";
      };
      "OBJ_46" = {
         isa = "XCBuildConfiguration";
         buildSettings = {
            CLANG_ENABLE_MODULES = "YES";
            EMBEDDED_CONTENT_CONTAINS_SWIFT = "YES";
            FRAMEWORK_SEARCH_PATHS = (
               "$(inherited)",
               "$(PLATFORM_DIR)/Developer/Library/Frameworks"
            );
            HEADER_SEARCH_PATHS = (
               "$(inherited)"
            );
            INFOPLIST_FILE = "Finite.xcodeproj/FiniteTests_Info.plist";
            LD_RUNPATH_SEARCH_PATHS = (
               "$(inherited)",
               "@loader_path/../Frameworks",
               "@loader_path/Frameworks"
            );
            OTHER_CFLAGS = (
               "$(inherited)"
            );
            OTHER_LDFLAGS = (
               "$(inherited)"
            );
            OTHER_SWIFT_FLAGS = (
               "$(inherited)"
            );
            SWIFT_ACTIVE_COMPILATION_CONDITIONS = (
               "$(inherited)"
            );
            SWIFT_VERSION = "3.0";
            TARGET_NAME = "FiniteTests";
         };
         name = "Release";
      };
      "OBJ_47" = {
         isa = "PBXSourcesBuildPhase";
         files = (
            "OBJ_48",
            "OBJ_49",
            "OBJ_50",
            "OBJ_51"
         );
      };
      "OBJ_48" = {
         isa = "PBXBuildFile";
         fileRef = "OBJ_13";
      };
      "OBJ_49" = {
         isa = "PBXBuildFile";
         fileRef = "OBJ_14";
      };
      "OBJ_5" = {
         isa = "PBXGroup";
         children = (
            "OBJ_6",
            "OBJ_7",
            "OBJ_11",
            "OBJ_17",
            "OBJ_18",
            "OBJ_19",
            "OBJ_20"
         );
         path = "";
         sourceTree = "<group>";
      };
      "OBJ_50" = {
         isa = "PBXBuildFile";
         fileRef = "OBJ_15";
      };
      "OBJ_51" = {
         isa = "PBXBuildFile";
         fileRef = "OBJ_16";
      };
      "OBJ_52" = {
         isa = "PBXFrameworksBuildPhase";
         files = (
            "OBJ_53"
         );
      };
      "OBJ_53" = {
         isa = "PBXBuildFile";
         fileRef = "Finite::Finite::Product";
      };
      "OBJ_54" = {
         isa = "PBXTargetDependency";
         target = "Finite::Finite";
      };
      "OBJ_6" = {
         isa = "PBXFileReference";
         explicitFileType = "sourcecode.swift";
         path = "Package.swift";
         sourceTree = "<group>";
      };
      "OBJ_7" = {
         isa = "PBXGroup";
         children = (
            "OBJ_8",
            "OBJ_9",
            "OBJ_10"
         );
         name = "Sources";
         path = "Sources";
         sourceTree = "SOURCE_ROOT";
      };
      "OBJ_8" = {
         isa = "PBXFileReference";
         path = "StateFlow.swift";
         sourceTree = "<group>";
      };
      "OBJ_9" = {
         isa = "PBXFileReference";
         path = "StateMachine.swift";
         sourceTree = "<group>";
      };
   };
   rootObject = "OBJ_1";
}
